
Microsoft Visual Studio Solution File, Format Version 12.00
# Visual Studio 15
VisualStudioVersion = 15.0.26403.7
MinimumVisualStudioVersion = 10.0.40219.1
Project("{FAE04EC0-301F-11D3-BF4B-00C04F79EFBC}") = "Infnet.AspNet.Tp3.Entities", "Infnet.AspNet.Tp3.Entities\Infnet.AspNet.Tp3.Entities.csproj", "{4DE4704C-81EA-4B10-B59C-CC324902CCFB}"
EndProject
Project("{FAE04EC0-301F-11D3-BF4B-00C04F79EFBC}") = "Infnet.AspNet.Tp3.Data", "Infnet.AspNet.Tp3.Data\Infnet.AspNet.Tp3.Data.csproj", "{0AF5EE8C-D791-453A-9B21-419063F573F7}"
EndProject
Project("{FAE04EC0-301F-11D3-BF4B-00C04F79EFBC}") = "Infnet.AspNet.Tp3.Api", "Infnet.AspNet.Tp3.Api\Infnet.AspNet.Tp3.Api.csproj", "{EEBE35EC-89ED-4F7B-8AAF-DCA55B688B8D}"
EndProject
Project("{FAE04EC0-301F-11D3-BF4B-00C04F79EFBC}") = "Infnet.AspNet.Tp3.Presentation", "Infnet.AspNet.Tp3.Presentation\Infnet.AspNet.Tp3.Presentation.csproj", "{801BF13C-E3A9-420F-B2D6-5B1F70DD5A6F}"
EndProject
Global
	GlobalSection(SolutionConfigurationPlatforms) = preSolution
		Debug|Any CPU = Debug|Any CPU
		Release|Any CPU = Release|Any CPU
	EndGlobalSection
	GlobalSection(ProjectConfigurationPlatforms) = postSolution
		{4DE4704C-81EA-4B10-B59C-CC324902CCFB}.Debug|Any CPU.ActiveCfg = Debug|Any CPU
		{4DE4704C-81EA-4B10-B59C-CC324902CCFB}.Debug|Any CPU.Build.0 = Debug|Any CPU
		{4DE4704C-81EA-4B10-B59C-CC324902CCFB}.Release|Any CPU.ActiveCfg = Release|Any CPU
		{4DE4704C-81EA-4B10-B59C-CC324902CCFB}.Release|Any CPU.Build.0 = Release|Any CPU
		{0AF5EE8C-D791-453A-9B21-419063F573F7}.Debug|Any CPU.ActiveCfg = Debug|Any CPU
		{0AF5EE8C-D791-453A-9B21-419063F573F7}.Debug|Any CPU.Build.0 = Debug|Any CPU
		{0AF5EE8C-D791-453A-9B21-419063F573F7}.Release|Any CPU.ActiveCfg = Release|Any CPU
		{0AF5EE8C-D791-453A-9B21-419063F573F7}.Release|Any CPU.Build.0 = Release|Any CPU
		{EEBE35EC-89ED-4F7B-8AAF-DCA55B688B8D}.Debug|Any CPU.ActiveCfg = Debug|Any CPU
		{EEBE35EC-89ED-4F7B-8AAF-DCA55B688B8D}.Debug|Any CPU.Build.0 = Debug|Any CPU
		{EEBE35EC-89ED-4F7B-8AAF-DCA55B688B8D}.Release|Any CPU.ActiveCfg = Release|Any CPU
		{EEBE35EC-89ED-4F7B-8AAF-DCA55B688B8D}.Release|Any CPU.Build.0 = Release|Any CPU
		{801BF13C-E3A9-420F-B2D6-5B1F70DD5A6F}.Debug|Any CPU.ActiveCfg = Debug|Any CPU
		{801BF13C-E3A9-420F-B2D6-5B1F70DD5A6F}.Debug|Any CPU.Build.0 = Debug|Any CPU
		{801BF13C-E3A9-420F-B2D6-5B1F70DD5A6F}.Release|Any CPU.ActiveCfg = Release|Any CPU
		{801BF13C-E3A9-420F-B2D6-5B1F70DD5A6F}.Release|Any CPU.Build.0 = Release|Any CPU
	EndGlobalSection
	GlobalSection(SolutionProperties) = preSolution
		HideSolutionNode = FALSE
	EndGlobalSection
EndGlobal
